
Microsoft Visual Studio Solution File, Format Version 12.00
# Visual Studio Version 16
VisualStudioVersion = 16.0.32901.82
MinimumVisualStudioVersion = 10.0.40219.1
Project("{FAE04EC0-301F-11D3-BF4B-00C04F79EFBC}") = "CatVSFish", "CatVSFish\CatVSFish.csproj", "{FCAD4A7C-DA41-4D01-A6F0-CB2A2A496417}"
EndProject
Global
	GlobalSection(SolutionConfigurationPlatforms) = preSolution
		Debug|Any CPU = Debug|Any CPU
		Release|Any CPU = Release|Any CPU
	EndGlobalSection
	GlobalSection(ProjectConfigurationPlatforms) = postSolution
		{FCAD4A7C-DA41-4D01-A6F0-CB2A2A496417}.Debug|Any CPU.ActiveCfg = Debug|Any CPU
		{FCAD4A7C-DA41-4D01-A6F0-CB2A2A496417}.Debug|Any CPU.Build.0 = Debug|Any CPU
		{FCAD4A7C-DA41-4D01-A6F0-CB2A2A496417}.Release|Any CPU.ActiveCfg = Release|Any CPU
		{FCAD4A7C-DA41-4D01-A6F0-CB2A2A496417}.Release|Any CPU.Build.0 = Release|Any CPU
	EndGlobalSection
	GlobalSection(SolutionProperties) = preSolution
		HideSolutionNode = FALSE
	EndGlobalSection
	GlobalSection(ExtensibilityGlobals) = postSolution
		SolutionGuid = {6E4C8F18-9557-465A-98C4-7AF47E044437}
	EndGlobalSection
EndGlobal
